// !$*UTF8*$!
{
	archiveVersion = 1;
	classes = {
	};
	objectVersion = 77;
	objects = {

/* Begin PBXBuildFile section */
		435E58332DD1CA030005196F /* SCMLogin.framework in Frameworks */ = {isa = PBXBuildFile; fileRef = 435E58322DD1CA030005196F /* SCMLogin.framework */; };
		435E58342DD1CA030005196F /* SCMLogin.framework in Embed Frameworks */ = {isa = PBXBuildFile; fileRef = 435E58322DD1CA030005196F /* SCMLogin.framework */; settings = {ATTRIBUTES = (CodeSignOnCopy, RemoveHeadersOnCopy, ); }; };
		436532A52DDC991500313379 /* SCMScoopInfo.framework in Frameworks */ = {isa = PBXBuildFile; fileRef = 436532A42DDC991400313379 /* SCMScoopInfo.framework */; };
		436532A62DDC991500313379 /* SCMScoopInfo.framework in Embed Frameworks */ = {isa = PBXBuildFile; fileRef = 436532A42DDC991400313379 /* SCMScoopInfo.framework */; settings = {ATTRIBUTES = (CodeSignOnCopy, RemoveHeadersOnCopy, ); }; };
		436532EF2DDD569600313379 /* SCMImageRequest.framework in Frameworks */ = {isa = PBXBuildFile; fileRef = 436532EE2DDD569600313379 /* SCMImageRequest.framework */; };
		436532F02DDD569600313379 /* SCMImageRequest.framework in Embed Frameworks */ = {isa = PBXBuildFile; fileRef = 436532EE2DDD569600313379 /* SCMImageRequest.framework */; settings = {ATTRIBUTES = (CodeSignOnCopy, RemoveHeadersOnCopy, ); }; };
		438527802E32010F006D9BCD /* SocketIO in Frameworks */ = {isa = PBXBuildFile; productRef = 4385277F2E32010F006D9BCD /* SocketIO */; };
		438527832E32012F006D9BCD /* RealmSwift in Frameworks */ = {isa = PBXBuildFile; productRef = 438527822E32012F006D9BCD /* RealmSwift */; };
		438527862E320148006D9BCD /* Nuke in Frameworks */ = {isa = PBXBuildFile; productRef = 438527852E320148006D9BCD /* Nuke */; };
		4385278A2E320148006D9BCD /* NukeVideo in Frameworks */ = {isa = PBXBuildFile; productRef = 438527892E320148006D9BCD /* NukeVideo */; };
		4385278D2E320160006D9BCD /* iamport-ios in Frameworks */ = {isa = PBXBuildFile; productRef = 4385278C2E320160006D9BCD /* iamport-ios */; };
		438527902E3208FC006D9BCD /* FirebaseMessaging in Frameworks */ = {isa = PBXBuildFile; productRef = 4385278F2E3208FC006D9BCD /* FirebaseMessaging */; };
		438527932E3209A3006D9BCD /* SDWebImageSwiftUI in Frameworks */ = {isa = PBXBuildFile; productRef = 438527922E3209A3006D9BCD /* SDWebImageSwiftUI */; };
		438527942E320C50006D9BCD /* RealmSwift in Embed Frameworks */ = {isa = PBXBuildFile; productRef = 438527822E32012F006D9BCD /* RealmSwift */; settings = {ATTRIBUTES = (CodeSignOnCopy, ); }; };
		43AC4B3A2DD118120010D965 /* SCMNetwork.framework in Frameworks */ = {isa = PBXBuildFile; fileRef = 43AC4B392DD118120010D965 /* SCMNetwork.framework */; settings = {ATTRIBUTES = (Required, ); }; };
		43AC4B3B2DD118120010D965 /* SCMNetwork.framework in Embed Frameworks */ = {isa = PBXBuildFile; fileRef = 43AC4B392DD118120010D965 /* SCMNetwork.framework */; settings = {ATTRIBUTES = (CodeSignOnCopy, RemoveHeadersOnCopy, ); }; };
		43AC4C2B2DD11A200010D965 /* Secret.xcconfig in Resources */ = {isa = PBXBuildFile; fileRef = 43AC4C2A2DD11A200010D965 /* Secret.xcconfig */; };
		43B03AAF2DE980AC0057AD45 /* SCMCommunity.framework in Frameworks */ = {isa = PBXBuildFile; fileRef = 43B03AAE2DE980AC0057AD45 /* SCMCommunity.framework */; };
		43B03AB02DE980AC0057AD45 /* SCMCommunity.framework in Embed Frameworks */ = {isa = PBXBuildFile; fileRef = 43B03AAE2DE980AC0057AD45 /* SCMCommunity.framework */; settings = {ATTRIBUTES = (CodeSignOnCopy, RemoveHeadersOnCopy, ); }; };
		43E014B62DD21A2B0016391C /* OSLog.framework in Frameworks */ = {isa = PBXBuildFile; fileRef = 43E014B52DD21A2B0016391C /* OSLog.framework */; settings = {ATTRIBUTES = (Weak, ); }; };
		43E019A62DD6E0AC0016391C /* SCMLogger.framework in Frameworks */ = {isa = PBXBuildFile; fileRef = 43E019A52DD6E0AC0016391C /* SCMLogger.framework */; };
		43E019A72DD6E0AC0016391C /* SCMLogger.framework in Embed Frameworks */ = {isa = PBXBuildFile; fileRef = 43E019A52DD6E0AC0016391C /* SCMLogger.framework */; settings = {ATTRIBUTES = (CodeSignOnCopy, RemoveHeadersOnCopy, ); }; };
		43E01BDD2DDAF4530016391C /* SCMLocation.framework in Frameworks */ = {isa = PBXBuildFile; fileRef = 43E01BDC2DDAF4530016391C /* SCMLocation.framework */; };
		43E01BDE2DDAF4530016391C /* SCMLocation.framework in Embed Frameworks */ = {isa = PBXBuildFile; fileRef = 43E01BDC2DDAF4530016391C /* SCMLocation.framework */; settings = {ATTRIBUTES = (CodeSignOnCopy, RemoveHeadersOnCopy, ); }; };
		43FDF4E32DF8A6A1004C10E9 /* SCMPayment.framework in Frameworks */ = {isa = PBXBuildFile; fileRef = 43FDF4E22DF8A6A1004C10E9 /* SCMPayment.framework */; };
		43FDF4E42DF8A6A1004C10E9 /* SCMPayment.framework in Embed Frameworks */ = {isa = PBXBuildFile; fileRef = 43FDF4E22DF8A6A1004C10E9 /* SCMPayment.framework */; settings = {ATTRIBUTES = (CodeSignOnCopy, RemoveHeadersOnCopy, ); }; };
		43FDF5042DFD2608004C10E9 /* GoogleService-Info.plist in Resources */ = {isa = PBXBuildFile; fileRef = 43FDF5032DFD2608004C10E9 /* GoogleService-Info.plist */; };
/* End PBXBuildFile section */

/* Begin PBXCopyFilesBuildPhase section */
		43AC4B3C2DD118120010D965 /* Embed Frameworks */ = {
			isa = PBXCopyFilesBuildPhase;
			buildActionMask = 2147483647;
			dstPath = "";
			dstSubfolderSpec = 10;
			files = (
				436532A62DDC991500313379 /* SCMScoopInfo.framework in Embed Frameworks */,
				43E019A72DD6E0AC0016391C /* SCMLogger.framework in Embed Frameworks */,
				43B03AB02DE980AC0057AD45 /* SCMCommunity.framework in Embed Frameworks */,
				438527942E320C50006D9BCD /* RealmSwift in Embed Frameworks */,
				43FDF4E42DF8A6A1004C10E9 /* SCMPayment.framework in Embed Frameworks */,
				436532F02DDD569600313379 /* SCMImageRequest.framework in Embed Frameworks */,
				43E01BDE2DDAF4530016391C /* SCMLocation.framework in Embed Frameworks */,
				435E58342DD1CA030005196F /* SCMLogin.framework in Embed Frameworks */,
				43AC4B3B2DD118120010D965 /* SCMNetwork.framework in Embed Frameworks */,
			);
			name = "Embed Frameworks";
			runOnlyForDeploymentPostprocessing = 0;
		};
/* End PBXCopyFilesBuildPhase section */

/* Begin PBXFileReference section */
		435E58322DD1CA030005196F /* SCMLogin.framework */ = {isa = PBXFileReference; explicitFileType = wrapper.framework; path = SCMLogin.framework; sourceTree = BUILT_PRODUCTS_DIR; };
		436532A42DDC991400313379 /* SCMScoopInfo.framework */ = {isa = PBXFileReference; explicitFileType = wrapper.framework; path = SCMScoopInfo.framework; sourceTree = BUILT_PRODUCTS_DIR; };
		436532EE2DDD569600313379 /* SCMImageRequest.framework */ = {isa = PBXFileReference; explicitFileType = wrapper.framework; path = SCMImageRequest.framework; sourceTree = BUILT_PRODUCTS_DIR; };
		4374A9AC2E0C1E50008B81C4 /* SCMChat.framework */ = {isa = PBXFileReference; explicitFileType = wrapper.framework; path = SCMChat.framework; sourceTree = BUILT_PRODUCTS_DIR; };
		43AC47EB2DCF19040010D965 /* ScoopMe.app */ = {isa = PBXFileReference; explicitFileType = wrapper.application; includeInIndex = 0; path = ScoopMe.app; sourceTree = BUILT_PRODUCTS_DIR; };
		43AC4B392DD118120010D965 /* SCMNetwork.framework */ = {isa = PBXFileReference; explicitFileType = wrapper.framework; path = SCMNetwork.framework; sourceTree = BUILT_PRODUCTS_DIR; };
		43AC4C2A2DD11A200010D965 /* Secret.xcconfig */ = {isa = PBXFileReference; lastKnownFileType = text.xcconfig; path = Secret.xcconfig; sourceTree = "<group>"; };
		43B03A622DE873430057AD45 /* SCMCommunity.framework */ = {isa = PBXFileReference; explicitFileType = wrapper.framework; path = SCMCommunity.framework; sourceTree = BUILT_PRODUCTS_DIR; };
		43B03AAE2DE980AC0057AD45 /* SCMCommunity.framework */ = {isa = PBXFileReference; explicitFileType = wrapper.framework; path = SCMCommunity.framework; sourceTree = BUILT_PRODUCTS_DIR; };
		43E014B52DD21A2B0016391C /* OSLog.framework */ = {isa = PBXFileReference; lastKnownFileType = wrapper.framework; name = OSLog.framework; path = System/Library/Frameworks/OSLog.framework; sourceTree = SDKROOT; };
		43E019A52DD6E0AC0016391C /* SCMLogger.framework */ = {isa = PBXFileReference; explicitFileType = wrapper.framework; path = SCMLogger.framework; sourceTree = BUILT_PRODUCTS_DIR; };
		43E01BDC2DDAF4530016391C /* SCMLocation.framework */ = {isa = PBXFileReference; explicitFileType = wrapper.framework; path = SCMLocation.framework; sourceTree = BUILT_PRODUCTS_DIR; };
		43FDF4E22DF8A6A1004C10E9 /* SCMPayment.framework */ = {isa = PBXFileReference; explicitFileType = wrapper.framework; path = SCMPayment.framework; sourceTree = BUILT_PRODUCTS_DIR; };
		43FDF5032DFD2608004C10E9 /* GoogleService-Info.plist */ = {isa = PBXFileReference; lastKnownFileType = text.plist.xml; path = "GoogleService-Info.plist"; sourceTree = "<group>"; };
/* End PBXFileReference section */

/* Begin PBXFileSystemSynchronizedBuildFileExceptionSet section */
		43AC48BC2DCF6DE40010D965 /* Exceptions for "ScoopMe" folder in "ScoopMe" target */ = {
			isa = PBXFileSystemSynchronizedBuildFileExceptionSet;
			membershipExceptions = (
				APP/Info.plist,
			);
			target = 43AC47EA2DCF19040010D965 /* ScoopMe */;
		};
/* End PBXFileSystemSynchronizedBuildFileExceptionSet section */

/* Begin PBXFileSystemSynchronizedRootGroup section */
		43AC47ED2DCF19040010D965 /* ScoopMe */ = {
			isa = PBXFileSystemSynchronizedRootGroup;
			exceptions = (
				43AC48BC2DCF6DE40010D965 /* Exceptions for "ScoopMe" folder in "ScoopMe" target */,
			);
			path = ScoopMe;
			sourceTree = "<group>";
		};
/* End PBXFileSystemSynchronizedRootGroup section */

/* Begin PBXFrameworksBuildPhase section */
		43AC47E82DCF19040010D965 /* Frameworks */ = {
			isa = PBXFrameworksBuildPhase;
			buildActionMask = 2147483647;
			files = (
				438527902E3208FC006D9BCD /* FirebaseMessaging in Frameworks */,
				4385278D2E320160006D9BCD /* iamport-ios in Frameworks */,
				43B03AAF2DE980AC0057AD45 /* SCMCommunity.framework in Frameworks */,
				438527932E3209A3006D9BCD /* SDWebImageSwiftUI in Frameworks */,
				43E014B62DD21A2B0016391C /* OSLog.framework in Frameworks */,
				43FDF4E32DF8A6A1004C10E9 /* SCMPayment.framework in Frameworks */,
				438527862E320148006D9BCD /* Nuke in Frameworks */,
				438527802E32010F006D9BCD /* SocketIO in Frameworks */,
				435E58332DD1CA030005196F /* SCMLogin.framework in Frameworks */,
				43E019A62DD6E0AC0016391C /* SCMLogger.framework in Frameworks */,
				436532EF2DDD569600313379 /* SCMImageRequest.framework in Frameworks */,
				4385278A2E320148006D9BCD /* NukeVideo in Frameworks */,
				436532A52DDC991500313379 /* SCMScoopInfo.framework in Frameworks */,
				438527832E32012F006D9BCD /* RealmSwift in Frameworks */,
				43AC4B3A2DD118120010D965 /* SCMNetwork.framework in Frameworks */,
				43E01BDD2DDAF4530016391C /* SCMLocation.framework in Frameworks */,
			);
			runOnlyForDeploymentPostprocessing = 0;
		};
/* End PBXFrameworksBuildPhase section */

/* Begin PBXGroup section */
		43AC47E22DCF19040010D965 = {
			isa = PBXGroup;
			children = (
				43AC4C2A2DD11A200010D965 /* Secret.xcconfig */,
				43AC47ED2DCF19040010D965 /* ScoopMe */,
				43AC4B382DD118120010D965 /* Frameworks */,
				43AC47EC2DCF19040010D965 /* Products */,
				43FDF5032DFD2608004C10E9 /* GoogleService-Info.plist */,
			);
			sourceTree = "<group>";
		};
		43AC47EC2DCF19040010D965 /* Products */ = {
			isa = PBXGroup;
			children = (
				43AC47EB2DCF19040010D965 /* ScoopMe.app */,
			);
			name = Products;
			sourceTree = "<group>";
		};
		43AC4B382DD118120010D965 /* Frameworks */ = {
			isa = PBXGroup;
			children = (
				4374A9AC2E0C1E50008B81C4 /* SCMChat.framework */,
				43FDF4E22DF8A6A1004C10E9 /* SCMPayment.framework */,
				43B03AAE2DE980AC0057AD45 /* SCMCommunity.framework */,
				43B03A622DE873430057AD45 /* SCMCommunity.framework */,
				436532EE2DDD569600313379 /* SCMImageRequest.framework */,
				436532A42DDC991400313379 /* SCMScoopInfo.framework */,
				43E01BDC2DDAF4530016391C /* SCMLocation.framework */,
				43E019A52DD6E0AC0016391C /* SCMLogger.framework */,
				43E014B52DD21A2B0016391C /* OSLog.framework */,
				435E58322DD1CA030005196F /* SCMLogin.framework */,
				43AC4B392DD118120010D965 /* SCMNetwork.framework */,
			);
			name = Frameworks;
			sourceTree = "<group>";
		};
/* End PBXGroup section */

/* Begin PBXNativeTarget section */
		43AC47EA2DCF19040010D965 /* ScoopMe */ = {
			isa = PBXNativeTarget;
			buildConfigurationList = 43AC47F92DCF19050010D965 /* Build configuration list for PBXNativeTarget "ScoopMe" */;
			buildPhases = (
				43AC47E72DCF19040010D965 /* Sources */,
				43AC47E82DCF19040010D965 /* Frameworks */,
				43AC47E92DCF19040010D965 /* Resources */,
				43AC4B3C2DD118120010D965 /* Embed Frameworks */,
			);
			buildRules = (
			);
			dependencies = (
			);
			fileSystemSynchronizedGroups = (
				43AC47ED2DCF19040010D965 /* ScoopMe */,
			);
			name = ScoopMe;
			packageProductDependencies = (
				4385277F2E32010F006D9BCD /* SocketIO */,
				438527822E32012F006D9BCD /* RealmSwift */,
				438527852E320148006D9BCD /* Nuke */,
				438527872E320148006D9BCD /* NukeUI */,
				438527892E320148006D9BCD /* NukeVideo */,
				4385278C2E320160006D9BCD /* iamport-ios */,
				4385278F2E3208FC006D9BCD /* FirebaseMessaging */,
				438527922E3209A3006D9BCD /* SDWebImageSwiftUI */,
			);
			productName = ScoopMe;
			productReference = 43AC47EB2DCF19040010D965 /* ScoopMe.app */;
			productType = "com.apple.product-type.application";
		};
/* End PBXNativeTarget section */

/* Begin PBXProject section */
		43AC47E32DCF19040010D965 /* Project object */ = {
			isa = PBXProject;
			attributes = {
				BuildIndependentTargetsInParallel = 1;
				LastSwiftUpdateCheck = 1620;
				LastUpgradeCheck = 1620;
				TargetAttributes = {
					43AC47EA2DCF19040010D965 = {
						CreatedOnToolsVersion = 16.2;
					};
				};
			};
			buildConfigurationList = 43AC47E62DCF19040010D965 /* Build configuration list for PBXProject "ScoopMe" */;
			developmentRegion = en;
			hasScannedForEncodings = 0;
			knownRegions = (
				en,
				Base,
			);
			mainGroup = 43AC47E22DCF19040010D965;
			minimizedProjectReferenceProxies = 1;
			packageReferences = (
				4385277E2E32010F006D9BCD /* XCRemoteSwiftPackageReference "socket.io-client-swift" */,
				438527812E32012F006D9BCD /* XCRemoteSwiftPackageReference "realm-swift" */,
				438527842E320148006D9BCD /* XCRemoteSwiftPackageReference "Nuke" */,
				4385278B2E320160006D9BCD /* XCRemoteSwiftPackageReference "iamport-ios" */,
				4385278E2E3208FC006D9BCD /* XCRemoteSwiftPackageReference "firebase-ios-sdk" */,
				438527912E3209A3006D9BCD /* XCRemoteSwiftPackageReference "SDWebImageSwiftUI" */,
			);
			preferredProjectObjectVersion = 77;
			productRefGroup = 43AC47EC2DCF19040010D965 /* Products */;
			projectDirPath = "";
			projectRoot = "";
			targets = (
				43AC47EA2DCF19040010D965 /* ScoopMe */,
			);
		};
/* End PBXProject section */

/* Begin PBXResourcesBuildPhase section */
		43AC47E92DCF19040010D965 /* Resources */ = {
			isa = PBXResourcesBuildPhase;
			buildActionMask = 2147483647;
			files = (
				43AC4C2B2DD11A200010D965 /* Secret.xcconfig in Resources */,
				43FDF5042DFD2608004C10E9 /* GoogleService-Info.plist in Resources */,
			);
			runOnlyForDeploymentPostprocessing = 0;
		};
/* End PBXResourcesBuildPhase section */

/* Begin PBXSourcesBuildPhase section */
		43AC47E72DCF19040010D965 /* Sources */ = {
			isa = PBXSourcesBuildPhase;
			buildActionMask = 2147483647;
			files = (
			);
			runOnlyForDeploymentPostprocessing = 0;
		};
/* End PBXSourcesBuildPhase section */

/* Begin XCBuildConfiguration section */
		43AC47F72DCF19050010D965 /* Debug */ = {
			isa = XCBuildConfiguration;
			buildSettings = {
				ALWAYS_SEARCH_USER_PATHS = NO;
				ASSETCATALOG_COMPILER_GENERATE_SWIFT_ASSET_SYMBOL_EXTENSIONS = YES;
				CLANG_ANALYZER_NONNULL = YES;
				CLANG_ANALYZER_NUMBER_OBJECT_CONVERSION = YES_AGGRESSIVE;
				CLANG_CXX_LANGUAGE_STANDARD = "gnu++20";
				CLANG_ENABLE_MODULES = YES;
				CLANG_ENABLE_OBJC_ARC = YES;
				CLANG_ENABLE_OBJC_WEAK = YES;
				CLANG_WARN_BLOCK_CAPTURE_AUTORELEASING = YES;
				CLANG_WARN_BOOL_CONVERSION = YES;
				CLANG_WARN_COMMA = YES;
				CLANG_WARN_CONSTANT_CONVERSION = YES;
				CLANG_WARN_DEPRECATED_OBJC_IMPLEMENTATIONS = YES;
				CLANG_WARN_DIRECT_OBJC_ISA_USAGE = YES_ERROR;
				CLANG_WARN_DOCUMENTATION_COMMENTS = YES;
				CLANG_WARN_EMPTY_BODY = YES;
				CLANG_WARN_ENUM_CONVERSION = YES;
				CLANG_WARN_INFINITE_RECURSION = YES;
				CLANG_WARN_INT_CONVERSION = YES;
				CLANG_WARN_NON_LITERAL_NULL_CONVERSION = YES;
				CLANG_WARN_OBJC_IMPLICIT_RETAIN_SELF = YES;
				CLANG_WARN_OBJC_LITERAL_CONVERSION = YES;
				CLANG_WARN_OBJC_ROOT_CLASS = YES_ERROR;
				CLANG_WARN_QUOTED_INCLUDE_IN_FRAMEWORK_HEADER = YES;
				CLANG_WARN_RANGE_LOOP_ANALYSIS = YES;
				CLANG_WARN_STRICT_PROTOTYPES = YES;
				CLANG_WARN_SUSPICIOUS_MOVE = YES;
				CLANG_WARN_UNGUARDED_AVAILABILITY = YES_AGGRESSIVE;
				CLANG_WARN_UNREACHABLE_CODE = YES;
				CLANG_WARN__DUPLICATE_METHOD_MATCH = YES;
				COPY_PHASE_STRIP = NO;
				DEBUG_INFORMATION_FORMAT = dwarf;
				ENABLE_STRICT_OBJC_MSGSEND = YES;
				ENABLE_TESTABILITY = YES;
				ENABLE_USER_SCRIPT_SANDBOXING = YES;
				GCC_C_LANGUAGE_STANDARD = gnu17;
				GCC_DYNAMIC_NO_PIC = NO;
				GCC_NO_COMMON_BLOCKS = YES;
				GCC_OPTIMIZATION_LEVEL = 0;
				GCC_PREPROCESSOR_DEFINITIONS = (
					"DEBUG=1",
					"$(inherited)",
				);
				GCC_WARN_64_TO_32_BIT_CONVERSION = YES;
				GCC_WARN_ABOUT_RETURN_TYPE = YES_ERROR;
				GCC_WARN_UNDECLARED_SELECTOR = YES;
				GCC_WARN_UNINITIALIZED_AUTOS = YES_AGGRESSIVE;
				GCC_WARN_UNUSED_FUNCTION = YES;
				GCC_WARN_UNUSED_VARIABLE = YES;
				IPHONEOS_DEPLOYMENT_TARGET = 18.2;
				LOCALIZATION_PREFERS_STRING_CATALOGS = YES;
				MTL_ENABLE_DEBUG_INFO = INCLUDE_SOURCE;
				MTL_FAST_MATH = YES;
				ONLY_ACTIVE_ARCH = YES;
				SDKROOT = iphoneos;
				SWIFT_ACTIVE_COMPILATION_CONDITIONS = "DEBUG $(inherited)";
				SWIFT_OPTIMIZATION_LEVEL = "-Onone";
			};
			name = Debug;
		};
		43AC47F82DCF19050010D965 /* Release */ = {
			isa = XCBuildConfiguration;
			buildSettings = {
				ALWAYS_SEARCH_USER_PATHS = NO;
				ASSETCATALOG_COMPILER_GENERATE_SWIFT_ASSET_SYMBOL_EXTENSIONS = YES;
				CLANG_ANALYZER_NONNULL = YES;
				CLANG_ANALYZER_NUMBER_OBJECT_CONVERSION = YES_AGGRESSIVE;
				CLANG_CXX_LANGUAGE_STANDARD = "gnu++20";
				CLANG_ENABLE_MODULES = YES;
				CLANG_ENABLE_OBJC_ARC = YES;
				CLANG_ENABLE_OBJC_WEAK = YES;
				CLANG_WARN_BLOCK_CAPTURE_AUTORELEASING = YES;
				CLANG_WARN_BOOL_CONVERSION = YES;
				CLANG_WARN_COMMA = YES;
				CLANG_WARN_CONSTANT_CONVERSION = YES;
				CLANG_WARN_DEPRECATED_OBJC_IMPLEMENTATIONS = YES;
				CLANG_WARN_DIRECT_OBJC_ISA_USAGE = YES_ERROR;
				CLANG_WARN_DOCUMENTATION_COMMENTS = YES;
				CLANG_WARN_EMPTY_BODY = YES;
				CLANG_WARN_ENUM_CONVERSION = YES;
				CLANG_WARN_INFINITE_RECURSION = YES;
				CLANG_WARN_INT_CONVERSION = YES;
				CLANG_WARN_NON_LITERAL_NULL_CONVERSION = YES;
				CLANG_WARN_OBJC_IMPLICIT_RETAIN_SELF = YES;
				CLANG_WARN_OBJC_LITERAL_CONVERSION = YES;
				CLANG_WARN_OBJC_ROOT_CLASS = YES_ERROR;
				CLANG_WARN_QUOTED_INCLUDE_IN_FRAMEWORK_HEADER = YES;
				CLANG_WARN_RANGE_LOOP_ANALYSIS = YES;
				CLANG_WARN_STRICT_PROTOTYPES = YES;
				CLANG_WARN_SUSPICIOUS_MOVE = YES;
				CLANG_WARN_UNGUARDED_AVAILABILITY = YES_AGGRESSIVE;
				CLANG_WARN_UNREACHABLE_CODE = YES;
				CLANG_WARN__DUPLICATE_METHOD_MATCH = YES;
				COPY_PHASE_STRIP = NO;
				DEBUG_INFORMATION_FORMAT = "dwarf-with-dsym";
				ENABLE_NS_ASSERTIONS = NO;
				ENABLE_STRICT_OBJC_MSGSEND = YES;
				ENABLE_USER_SCRIPT_SANDBOXING = YES;
				GCC_C_LANGUAGE_STANDARD = gnu17;
				GCC_NO_COMMON_BLOCKS = YES;
				GCC_WARN_64_TO_32_BIT_CONVERSION = YES;
				GCC_WARN_ABOUT_RETURN_TYPE = YES_ERROR;
				GCC_WARN_UNDECLARED_SELECTOR = YES;
				GCC_WARN_UNINITIALIZED_AUTOS = YES_AGGRESSIVE;
				GCC_WARN_UNUSED_FUNCTION = YES;
				GCC_WARN_UNUSED_VARIABLE = YES;
				IPHONEOS_DEPLOYMENT_TARGET = 18.2;
				LOCALIZATION_PREFERS_STRING_CATALOGS = YES;
				MTL_ENABLE_DEBUG_INFO = NO;
				MTL_FAST_MATH = YES;
				SDKROOT = iphoneos;
				SWIFT_COMPILATION_MODE = wholemodule;
				VALIDATE_PRODUCT = YES;
			};
			name = Release;
		};
		43AC47FA2DCF19050010D965 /* Debug */ = {
			isa = XCBuildConfiguration;
			baseConfigurationReference = 43AC4C2A2DD11A200010D965 /* Secret.xcconfig */;
			buildSettings = {
				ASSETCATALOG_COMPILER_APPICON_NAME = AppIcon;
				ASSETCATALOG_COMPILER_GLOBAL_ACCENT_COLOR_NAME = AccentColor;
				CODE_SIGN_ENTITLEMENTS = ScoopMe/ScoopMe.entitlements;
				CODE_SIGN_STYLE = Automatic;
				CURRENT_PROJECT_VERSION = 1;
				DEVELOPMENT_ASSET_PATHS = "\"ScoopMe/Resource/Preview Content\"";
				DEVELOPMENT_TEAM = 6CQ3CNQ79S;
				ENABLE_PREVIEWS = YES;
				GENERATE_INFOPLIST_FILE = YES;
				INFOPLIST_FILE = ScoopMe/APP/Info.plist;
				INFOPLIST_KEY_NSLocationWhenInUseUsageDescription = "원하는 위치에서의 가게를 찾기 위해 사용자의 위치가 필요합니다.";
				INFOPLIST_KEY_NSPhotoLibraryUsageDescription = "스쿱 소식통에 사진을 업로드 하기 위해서 앨범 접근이 필요합니다.";
				INFOPLIST_KEY_UIApplicationSceneManifest_Generation = YES;
				INFOPLIST_KEY_UIApplicationSupportsIndirectInputEvents = YES;
				INFOPLIST_KEY_UILaunchScreen_Generation = YES;
				INFOPLIST_KEY_UISupportedInterfaceOrientations = UIInterfaceOrientationPortrait;
				INFOPLIST_KEY_UISupportedInterfaceOrientations_iPad = "UIInterfaceOrientationLandscapeLeft UIInterfaceOrientationLandscapeRight UIInterfaceOrientationPortrait UIInterfaceOrientationPortraitUpsideDown";
				INFOPLIST_KEY_UIUserInterfaceStyle = Light;
				IPHONEOS_DEPLOYMENT_TARGET = 16.0;
				LD_RUNPATH_SEARCH_PATHS = (
					"$(inherited)",
					"@executable_path/Frameworks",
				);
				MARKETING_VERSION = 1.0;
				PRODUCT_BUNDLE_IDENTIFIER = com.Tynee.ScoopMe;
				PRODUCT_NAME = "$(TARGET_NAME)";
				SUPPORTED_PLATFORMS = "iphoneos iphonesimulator";
				SUPPORTS_MACCATALYST = NO;
				SUPPORTS_MAC_DESIGNED_FOR_IPHONE_IPAD = NO;
				SUPPORTS_XR_DESIGNED_FOR_IPHONE_IPAD = NO;
				SWIFT_EMIT_LOC_STRINGS = YES;
				SWIFT_VERSION = 5.0;
				TARGETED_DEVICE_FAMILY = 1;
			};
			name = Debug;
		};
		43AC47FB2DCF19050010D965 /* Release */ = {
			isa = XCBuildConfiguration;
			buildSettings = {
				ASSETCATALOG_COMPILER_APPICON_NAME = AppIcon;
				ASSETCATALOG_COMPILER_GLOBAL_ACCENT_COLOR_NAME = AccentColor;
				CODE_SIGN_ENTITLEMENTS = ScoopMe/ScoopMe.entitlements;
				CODE_SIGN_STYLE = Automatic;
				CURRENT_PROJECT_VERSION = 1;
				DEVELOPMENT_ASSET_PATHS = "\"ScoopMe/Resource/Preview Content\"";
				DEVELOPMENT_TEAM = 6CQ3CNQ79S;
				ENABLE_PREVIEWS = YES;
				GENERATE_INFOPLIST_FILE = YES;
				INFOPLIST_FILE = ScoopMe/APP/Info.plist;
				INFOPLIST_KEY_NSLocationWhenInUseUsageDescription = "원하는 위치에서의 가게를 찾기 위해 사용자의 위치가 필요합니다.";
				INFOPLIST_KEY_NSPhotoLibraryUsageDescription = "스쿱 소식통에 사진을 업로드 하기 위해서 앨범 접근이 필요합니다.";
				INFOPLIST_KEY_UIApplicationSceneManifest_Generation = YES;
				INFOPLIST_KEY_UIApplicationSupportsIndirectInputEvents = YES;
				INFOPLIST_KEY_UILaunchScreen_Generation = YES;
				INFOPLIST_KEY_UISupportedInterfaceOrientations = UIInterfaceOrientationPortrait;
				INFOPLIST_KEY_UISupportedInterfaceOrientations_iPad = "UIInterfaceOrientationLandscapeLeft UIInterfaceOrientationLandscapeRight UIInterfaceOrientationPortrait UIInterfaceOrientationPortraitUpsideDown";
				INFOPLIST_KEY_UIUserInterfaceStyle = Light;
				IPHONEOS_DEPLOYMENT_TARGET = 16.0;
				LD_RUNPATH_SEARCH_PATHS = (
					"$(inherited)",
					"@executable_path/Frameworks",
				);
				MARKETING_VERSION = 1.0;
				PRODUCT_BUNDLE_IDENTIFIER = com.Tynee.ScoopMe;
				PRODUCT_NAME = "$(TARGET_NAME)";
				SUPPORTED_PLATFORMS = "iphoneos iphonesimulator";
				SUPPORTS_MACCATALYST = NO;
				SUPPORTS_MAC_DESIGNED_FOR_IPHONE_IPAD = NO;
				SUPPORTS_XR_DESIGNED_FOR_IPHONE_IPAD = NO;
				SWIFT_EMIT_LOC_STRINGS = YES;
				SWIFT_VERSION = 5.0;
				TARGETED_DEVICE_FAMILY = 1;
			};
			name = Release;
		};
/* End XCBuildConfiguration section */

/* Begin XCConfigurationList section */
		43AC47E62DCF19040010D965 /* Build configuration list for PBXProject "ScoopMe" */ = {
			isa = XCConfigurationList;
			buildConfigurations = (
				43AC47F72DCF19050010D965 /* Debug */,
				43AC47F82DCF19050010D965 /* Release */,
			);
			defaultConfigurationIsVisible = 0;
			defaultConfigurationName = Release;
		};
		43AC47F92DCF19050010D965 /* Build configuration list for PBXNativeTarget "ScoopMe" */ = {
			isa = XCConfigurationList;
			buildConfigurations = (
				43AC47FA2DCF19050010D965 /* Debug */,
				43AC47FB2DCF19050010D965 /* Release */,
			);
			defaultConfigurationIsVisible = 0;
			defaultConfigurationName = Release;
		};
/* End XCConfigurationList section */

/* Begin XCRemoteSwiftPackageReference section */
		4385277E2E32010F006D9BCD /* XCRemoteSwiftPackageReference "socket.io-client-swift" */ = {
			isa = XCRemoteSwiftPackageReference;
			repositoryURL = "https://github.com/socketio/socket.io-client-swift.git";
			requirement = {
				kind = upToNextMinorVersion;
				minimumVersion = 16.1.1;
			};
		};
		438527812E32012F006D9BCD /* XCRemoteSwiftPackageReference "realm-swift" */ = {
			isa = XCRemoteSwiftPackageReference;
			repositoryURL = "https://github.com/realm/realm-swift.git";
			requirement = {
				kind = exactVersion;
				version = 20.0.2;
			};
		};
		438527842E320148006D9BCD /* XCRemoteSwiftPackageReference "Nuke" */ = {
			isa = XCRemoteSwiftPackageReference;
			repositoryURL = "https://github.com/kean/Nuke.git";
			requirement = {
				kind = upToNextMajorVersion;
				minimumVersion = 12.8.0;
			};
		};
		4385278B2E320160006D9BCD /* XCRemoteSwiftPackageReference "iamport-ios" */ = {
			isa = XCRemoteSwiftPackageReference;
			repositoryURL = "https://github.com/iamport/iamport-ios";
			requirement = {
				kind = upToNextMajorVersion;
				minimumVersion = 1.4.7;
			};
		};
		4385278E2E3208FC006D9BCD /* XCRemoteSwiftPackageReference "firebase-ios-sdk" */ = {
			isa = XCRemoteSwiftPackageReference;
			repositoryURL = "https://github.com/firebase/firebase-ios-sdk";
			requirement = {
				kind = upToNextMajorVersion;
				minimumVersion = 11.14.0;
			};
		};
		438527912E3209A3006D9BCD /* XCRemoteSwiftPackageReference "SDWebImageSwiftUI" */ = {
			isa = XCRemoteSwiftPackageReference;
			repositoryURL = "https://github.com/SDWebImage/SDWebImageSwiftUI.git";
			requirement = {
				kind = upToNextMajorVersion;
				minimumVersion = 3.1.3;
			};
		};
/* End XCRemoteSwiftPackageReference section */

/* Begin XCSwiftPackageProductDependency section */
		4385277F2E32010F006D9BCD /* SocketIO */ = {
			isa = XCSwiftPackageProductDependency;
			package = 4385277E2E32010F006D9BCD /* XCRemoteSwiftPackageReference "socket.io-client-swift" */;
			productName = SocketIO;
		};
		438527822E32012F006D9BCD /* RealmSwift */ = {
			isa = XCSwiftPackageProductDependency;
			package = 438527812E32012F006D9BCD /* XCRemoteSwiftPackageReference "realm-swift" */;
			productName = RealmSwift;
		};
		438527852E320148006D9BCD /* Nuke */ = {
			isa = XCSwiftPackageProductDependency;
			package = 438527842E320148006D9BCD /* XCRemoteSwiftPackageReference "Nuke" */;
			productName = Nuke;
		};
		438527872E320148006D9BCD /* NukeUI */ = {
			isa = XCSwiftPackageProductDependency;
			package = 438527842E320148006D9BCD /* XCRemoteSwiftPackageReference "Nuke" */;
			productName = NukeUI;
		};
		438527892E320148006D9BCD /* NukeVideo */ = {
			isa = XCSwiftPackageProductDependency;
			package = 438527842E320148006D9BCD /* XCRemoteSwiftPackageReference "Nuke" */;
			productName = NukeVideo;
		};
		4385278C2E320160006D9BCD /* iamport-ios */ = {
			isa = XCSwiftPackageProductDependency;
			package = 4385278B2E320160006D9BCD /* XCRemoteSwiftPackageReference "iamport-ios" */;
			productName = "iamport-ios";
		};
		4385278F2E3208FC006D9BCD /* FirebaseMessaging */ = {
			isa = XCSwiftPackageProductDependency;
			package = 4385278E2E3208FC006D9BCD /* XCRemoteSwiftPackageReference "firebase-ios-sdk" */;
			productName = FirebaseMessaging;
		};
		438527922E3209A3006D9BCD /* SDWebImageSwiftUI */ = {
			isa = XCSwiftPackageProductDependency;
			package = 438527912E3209A3006D9BCD /* XCRemoteSwiftPackageReference "SDWebImageSwiftUI" */;
			productName = SDWebImageSwiftUI;
		};
/* End XCSwiftPackageProductDependency section */
	};
	rootObject = 43AC47E32DCF19040010D965 /* Project object */;
}
